
Microsoft Visual Studio Solution File, Format Version 12.00
# Visual Studio Version 17
VisualStudioVersion = 17.14.36121.58 d17.14
MinimumVisualStudioVersion = 10.0.40219.1
Project("{00D1A9C2-B5F0-4AF3-8072-F6C62B433612}") = "CEDS-Data-Warehouse-Project", "CEDS-Data-Warehouse-Project.sqlproj", "{1B304F05-5EE1-4FB4-A05A-7FC8B50D0016}"
EndProject
Global
	GlobalSection(SolutionConfigurationPlatforms) = preSolution
		Debug|Any CPU = Debug|Any CPU
		Release|Any CPU = Release|Any CPU
	EndGlobalSection
	GlobalSection(ProjectConfigurationPlatforms) = postSolution
		{1B304F05-5EE1-4FB4-A05A-7FC8B50D0016}.Debug|Any CPU.ActiveCfg = Debug|Any CPU
		{1B304F05-5EE1-4FB4-A05A-7FC8B50D0016}.Debug|Any CPU.Build.0 = Debug|Any CPU
		{1B304F05-5EE1-4FB4-A05A-7FC8B50D0016}.Debug|Any CPU.Deploy.0 = Debug|Any CPU
		{1B304F05-5EE1-4FB4-A05A-7FC8B50D0016}.Release|Any CPU.ActiveCfg = Release|Any CPU
		{1B304F05-5EE1-4FB4-A05A-7FC8B50D0016}.Release|Any CPU.Build.0 = Release|Any CPU
		{1B304F05-5EE1-4FB4-A05A-7FC8B50D0016}.Release|Any CPU.Deploy.0 = Release|Any CPU
	EndGlobalSection
	GlobalSection(SolutionProperties) = preSolution
		HideSolutionNode = FALSE
	EndGlobalSection
	GlobalSection(ExtensibilityGlobals) = postSolution
		SolutionGuid = {8F135D37-EFA7-4697-A8A5-E25F7038E678}
	EndGlobalSection
EndGlobal
